// !$*UTF8*$!
{
	archiveVersion = 1;
	classes = {
	};
	objectVersion = 77;
	objects = {

/* Begin PBXBuildFile section */
		41767A892FFE37AD00982B87 /* WidgetKit.framework in Frameworks */ = {isa = PBXBuildFile; fileRef = 41767A882FFE37AD00982B87 /* WidgetKit.framework */; };
		41767A8B2FFE37AD00982B87 /* SwiftUI.framework in Frameworks */ = {isa = PBXBuildFile; fileRef = 41767A8A2FFE37AD00982B87 /* SwiftUI.framework */; };
		41767A9A2FFE37AE00982B87 /* MyscheduleAppWidgetExtension.appex in Embed Foundation Extensions */ = {isa = PBXBuildFile; fileRef = 41767A862FFE37AD00982B87 /* MyscheduleAppWidgetExtension.appex */; settings = {ATTRIBUTES = (RemoveHeadersOnCopy, ); }; };
/* End PBXBuildFile section */

/* Begin PBXContainerItemProxy section */
		4176798E2FDF9E0400982B87 /* PBXContainerItemProxy */ = {
			isa = PBXContainerItemProxy;
			containerPortal = 417679782FDF9E0300982B87 /* Project object */;
			proxyType = 1;
			remoteGlobalIDString = 4176797F2FDF9E0300982B87;
			remoteInfo = MyscheduleApp;
		};
		417679982FDF9E0400982B87 /* PBXContainerItemProxy */ = {
			isa = PBXContainerItemProxy;
			containerPortal = 417679782FDF9E0300982B87 /* Project object */;
			proxyType = 1;
			remoteGlobalIDString = 4176797F2FDF9E0300982B87;
			remoteInfo = MyscheduleApp;
		};
		41767A982FFE37AE00982B87 /* PBXContainerItemProxy */ = {
			isa = PBXContainerItemProxy;
			containerPortal = 417679782FDF9E0300982B87 /* Project object */;
			proxyType = 1;
			remoteGlobalIDString = 41767A852FFE37AD00982B87;
			remoteInfo = MyscheduleAppWidgetExtension;
		};
/* End PBXContainerItemProxy section */

/* Begin PBXCopyFilesBuildPhase section */
		41767A9F2FFE37AE00982B87 /* Embed Foundation Extensions */ = {
			isa = PBXCopyFilesBuildPhase;
			buildActionMask = 2147483647;
			dstPath = "";
			dstSubfolderSpec = 13;
			files = (
				41767A9A2FFE37AE00982B87 /* MyscheduleAppWidgetExtension.appex in Embed Foundation Extensions */,
			);
			name = "Embed Foundation Extensions";
			runOnlyForDeploymentPostprocessing = 0;
		};
/* End PBXCopyFilesBuildPhase section */

/* Begin PBXFileReference section */
		417679802FDF9E0300982B87 /* MyscheduleApp.app */ = {isa = PBXFileReference; explicitFileType = wrapper.application; includeInIndex = 0; path = MyscheduleApp.app; sourceTree = BUILT_PRODUCTS_DIR; };
		4176798D2FDF9E0400982B87 /* MyscheduleAppTests.xctest */ = {isa = PBXFileReference; explicitFileType = wrapper.cfbundle; includeInIndex = 0; path = MyscheduleAppTests.xctest; sourceTree = BUILT_PRODUCTS_DIR; };
		417679972FDF9E0400982B87 /* MyscheduleAppUITests.xctest */ = {isa = PBXFileReference; explicitFileType = wrapper.cfbundle; includeInIndex = 0; path = MyscheduleAppUITests.xctest; sourceTree = BUILT_PRODUCTS_DIR; };
		41767A862FFE37AD00982B87 /* MyscheduleAppWidgetExtension.appex */ = {isa = PBXFileReference; explicitFileType = "wrapper.app-extension"; includeInIndex = 0; path = MyscheduleAppWidgetExtension.appex; sourceTree = BUILT_PRODUCTS_DIR; };
		41767A882FFE37AD00982B87 /* WidgetKit.framework */ = {isa = PBXFileReference; lastKnownFileType = wrapper.framework; name = WidgetKit.framework; path = System/Library/Frameworks/WidgetKit.framework; sourceTree = SDKROOT; };
		41767A8A2FFE37AD00982B87 /* SwiftUI.framework */ = {isa = PBXFileReference; lastKnownFileType = wrapper.framework; name = SwiftUI.framework; path = System/Library/Frameworks/SwiftUI.framework; sourceTree = SDKROOT; };
/* End PBXFileReference section */

/* Begin PBXFileSystemSynchronizedBuildFileExceptionSet section */
		41767A9B2FFE37AE00982B87 /* Exceptions for "MyscheduleAppWidget" folder in "MyscheduleAppWidgetExtension" target */ = {
			isa = PBXFileSystemSynchronizedBuildFileExceptionSet;
			membershipExceptions = (
				Info.plist,
			);
			target = 41767A852FFE37AD00982B87 /* MyscheduleAppWidgetExtension */;
		};
		41767AA12FFE401F00982B87 /* Exceptions for "MyscheduleApp" folder in "MyscheduleAppWidgetExtension" target */ = {
			isa = PBXFileSystemSynchronizedBuildFileExceptionSet;
			membershipExceptions = (
				Models.swift,
			);
			target = 41767A852FFE37AD00982B87 /* MyscheduleAppWidgetExtension */;
		};
/* End PBXFileSystemSynchronizedBuildFileExceptionSet section */

/* Begin PBXFileSystemSynchronizedRootGroup section */
		417679822FDF9E0300982B87 /* MyscheduleApp */ = {
			isa = PBXFileSystemSynchronizedRootGroup;
			exceptions = (
				41767AA12FFE401F00982B87 /* Exceptions for "MyscheduleApp" folder in "MyscheduleAppWidgetExtension" target */,
			);
			path = MyscheduleApp;
			sourceTree = "<group>";
		};
		417679902FDF9E0400982B87 /* MyscheduleAppTests */ = {
			isa = PBXFileSystemSynchronizedRootGroup;
			path = MyscheduleAppTests;
			sourceTree = "<group>";
		};
		4176799A2FDF9E0400982B87 /* MyscheduleAppUITests */ = {
			isa = PBXFileSystemSynchronizedRootGroup;
			path = MyscheduleAppUITests;
			sourceTree = "<group>";
		};
		41767A8C2FFE37AD00982B87 /* MyscheduleAppWidget */ = {
			isa = PBXFileSystemSynchronizedRootGroup;
			exceptions = (
				41767A9B2FFE37AE00982B87 /* Exceptions for "MyscheduleAppWidget" folder in "MyscheduleAppWidgetExtension" target */,
			);
			path = MyscheduleAppWidget;
			sourceTree = "<group>";
		};
/* End PBXFileSystemSynchronizedRootGroup section */

/* Begin PBXFrameworksBuildPhase section */
		4176797D2FDF9E0300982B87 /* Frameworks */ = {
			isa = PBXFrameworksBuildPhase;
			buildActionMask = 2147483647;
			files = (
			);
			runOnlyForDeploymentPostprocessing = 0;
		};
		4176798A2FDF9E0400982B87 /* Frameworks */ = {
			isa = PBXFrameworksBuildPhase;
			buildActionMask = 2147483647;
			files = (
			);
			runOnlyForDeploymentPostprocessing = 0;
		};
		417679942FDF9E0400982B87 /* Frameworks */ = {
			isa = PBXFrameworksBuildPhase;
			buildActionMask = 2147483647;
			files = (
			);
			runOnlyForDeploymentPostprocessing = 0;
		};
		41767A832FFE37AD00982B87 /* Frameworks */ = {
			isa = PBXFrameworksBuildPhase;
			buildActionMask = 2147483647;
			files = (
				41767A8B2FFE37AD00982B87 /* SwiftUI.framework in Frameworks */,
				41767A892FFE37AD00982B87 /* WidgetKit.framework in Frameworks */,
			);
			runOnlyForDeploymentPostprocessing = 0;
		};
/* End PBXFrameworksBuildPhase section */

/* Begin PBXGroup section */
		417679772FDF9E0300982B87 = {
			isa = PBXGroup;
			children = (
				417679822FDF9E0300982B87 /* MyscheduleApp */,
				417679902FDF9E0400982B87 /* MyscheduleAppTests */,
				4176799A2FDF9E0400982B87 /* MyscheduleAppUITests */,
				41767A8C2FFE37AD00982B87 /* MyscheduleAppWidget */,
				41767A872FFE37AD00982B87 /* Frameworks */,
				417679812FDF9E0300982B87 /* Products */,
			);
			sourceTree = "<group>";
		};
		417679812FDF9E0300982B87 /* Products */ = {
			isa = PBXGroup;
			children = (
				417679802FDF9E0300982B87 /* MyscheduleApp.app */,
				4176798D2FDF9E0400982B87 /* MyscheduleAppTests.xctest */,
				417679972FDF9E0400982B87 /* MyscheduleAppUITests.xctest */,
				41767A862FFE37AD00982B87 /* MyscheduleAppWidgetExtension.appex */,
			);
			name = Products;
			sourceTree = "<group>";
		};
		41767A872FFE37AD00982B87 /* Frameworks */ = {
			isa = PBXGroup;
			children = (
				41767A882FFE37AD00982B87 /* WidgetKit.framework */,
				41767A8A2FFE37AD00982B87 /* SwiftUI.framework */,
			);
			name = Frameworks;
			sourceTree = "<group>";
		};
/* End PBXGroup section */

/* Begin PBXNativeTarget section */
		4176797F2FDF9E0300982B87 /* MyscheduleApp */ = {
			isa = PBXNativeTarget;
			buildConfigurationList = 417679A12FDF9E0400982B87 /* Build configuration list for PBXNativeTarget "MyscheduleApp" */;
			buildPhases = (
				4176797C2FDF9E0300982B87 /* Sources */,
				4176797D2FDF9E0300982B87 /* Frameworks */,
				4176797E2FDF9E0300982B87 /* Resources */,
				41767A9F2FFE37AE00982B87 /* Embed Foundation Extensions */,
			);
			buildRules = (
			);
			dependencies = (
				41767A992FFE37AE00982B87 /* PBXTargetDependency */,
			);
			fileSystemSynchronizedGroups = (
				417679822FDF9E0300982B87 /* MyscheduleApp */,
			);
			name = MyscheduleApp;
			packageProductDependencies = (
			);
			productName = MyscheduleApp;
			productReference = 417679802FDF9E0300982B87 /* MyscheduleApp.app */;
			productType = "com.apple.product-type.application";
		};
		4176798C2FDF9E0400982B87 /* MyscheduleAppTests */ = {
			isa = PBXNativeTarget;
			buildConfigurationList = 417679A42FDF9E0400982B87 /* Build configuration list for PBXNativeTarget "MyscheduleAppTests" */;
			buildPhases = (
				417679892FDF9E0400982B87 /* Sources */,
				4176798A2FDF9E0400982B87 /* Frameworks */,
				4176798B2FDF9E0400982B87 /* Resources */,
			);
			buildRules = (
			);
			dependencies = (
				4176798F2FDF9E0400982B87 /* PBXTargetDependency */,
			);
			fileSystemSynchronizedGroups = (
				417679902FDF9E0400982B87 /* MyscheduleAppTests */,
			);
			name = MyscheduleAppTests;
			packageProductDependencies = (
			);
			productName = MyscheduleAppTests;
			productReference = 4176798D2FDF9E0400982B87 /* MyscheduleAppTests.xctest */;
			productType = "com.apple.product-type.bundle.unit-test";
		};
		417679962FDF9E0400982B87 /* MyscheduleAppUITests */ = {
			isa = PBXNativeTarget;
			buildConfigurationList = 417679A72FDF9E0400982B87 /* Build configuration list for PBXNativeTarget "MyscheduleAppUITests" */;
			buildPhases = (
				417679932FDF9E0400982B87 /* Sources */,
				417679942FDF9E0400982B87 /* Frameworks */,
				417679952FDF9E0400982B87 /* Resources */,
			);
			buildRules = (
			);
			dependencies = (
				417679992FDF9E0400982B87 /* PBXTargetDependency */,
			);
			fileSystemSynchronizedGroups = (
				4176799A2FDF9E0400982B87 /* MyscheduleAppUITests */,
			);
			name = MyscheduleAppUITests;
			packageProductDependencies = (
			);
			productName = MyscheduleAppUITests;
			productReference = 417679972FDF9E0400982B87 /* MyscheduleAppUITests.xctest */;
			productType = "com.apple.product-type.bundle.ui-testing";
		};
		41767A852FFE37AD00982B87 /* MyscheduleAppWidgetExtension */ = {
			isa = PBXNativeTarget;
			buildConfigurationList = 41767A9C2FFE37AE00982B87 /* Build configuration list for PBXNativeTarget "MyscheduleAppWidgetExtension" */;
			buildPhases = (
				41767A822FFE37AD00982B87 /* Sources */,
				41767A832FFE37AD00982B87 /* Frameworks */,
				41767A842FFE37AD00982B87 /* Resources */,
			);
			buildRules = (
			);
			dependencies = (
			);
			fileSystemSynchronizedGroups = (
				41767A8C2FFE37AD00982B87 /* MyscheduleAppWidget */,
			);
			name = MyscheduleAppWidgetExtension;
			packageProductDependencies = (
			);
			productName = MyscheduleAppWidgetExtension;
			productReference = 41767A862FFE37AD00982B87 /* MyscheduleAppWidgetExtension.appex */;
			productType = "com.apple.product-type.app-extension";
		};
/* End PBXNativeTarget section */

/* Begin PBXProject section */
		417679782FDF9E0300982B87 /* Project object */ = {
			isa = PBXProject;
			attributes = {
				BuildIndependentTargetsInParallel = 1;
				LastSwiftUpdateCheck = 1630;
				LastUpgradeCheck = 1630;
				TargetAttributes = {
					4176797F2FDF9E0300982B87 = {
						CreatedOnToolsVersion = 16.3;
					};
					4176798C2FDF9E0400982B87 = {
						CreatedOnToolsVersion = 16.3;
						TestTargetID = 4176797F2FDF9E0300982B87;
					};
					417679962FDF9E0400982B87 = {
						CreatedOnToolsVersion = 16.3;
						TestTargetID = 4176797F2FDF9E0300982B87;
					};
					41767A852FFE37AD00982B87 = {
						CreatedOnToolsVersion = 16.3;
					};
				};
			};
			buildConfigurationList = 4176797B2FDF9E0300982B87 /* Build configuration list for PBXProject "MyscheduleApp" */;
			developmentRegion = en;
			hasScannedForEncodings = 0;
			knownRegions = (
				en,
				Base,
			);
			mainGroup = 417679772FDF9E0300982B87;
			minimizedProjectReferenceProxies = 1;
			preferredProjectObjectVersion = 77;
			productRefGroup = 417679812FDF9E0300982B87 /* Products */;
			projectDirPath = "";
			projectRoot = "";
			targets = (
				4176797F2FDF9E0300982B87 /* MyscheduleApp */,
				4176798C2FDF9E0400982B87 /* MyscheduleAppTests */,
				417679962FDF9E0400982B87 /* MyscheduleAppUITests */,
				41767A852FFE37AD00982B87 /* MyscheduleAppWidgetExtension */,
			);
		};
/* End PBXProject section */

/* Begin PBXResourcesBuildPhase section */
		4176797E2FDF9E0300982B87 /* Resources */ = {
			isa = PBXResourcesBuildPhase;
			buildActionMask = 2147483647;
			files = (
			);
			runOnlyForDeploymentPostprocessing = 0;
		};
		4176798B2FDF9E0400982B87 /* Resources */ = {
			isa = PBXResourcesBuildPhase;
			buildActionMask = 2147483647;
			files = (
			);
			runOnlyForDeploymentPostprocessing = 0;
		};
		417679952FDF9E0400982B87 /* Resources */ = {
			isa = PBXResourcesBuildPhase;
			buildActionMask = 2147483647;
			files = (
			);
			runOnlyForDeploymentPostprocessing = 0;
		};
		41767A842FFE37AD00982B87 /* Resources */ = {
			isa = PBXResourcesBuildPhase;
			buildActionMask = 2147483647;
			files = (
			);
			runOnlyForDeploymentPostprocessing = 0;
		};
/* End PBXResourcesBuildPhase section */

/* Begin PBXSourcesBuildPhase section */
		4176797C2FDF9E0300982B87 /* Sources */ = {
			isa = PBXSourcesBuildPhase;
			buildActionMask = 2147483647;
			files = (
			);
			runOnlyForDeploymentPostprocessing = 0;
		};
		417679892FDF9E0400982B87 /* Sources */ = {
			isa = PBXSourcesBuildPhase;
			buildActionMask = 2147483647;
			files = (
			);
			runOnlyForDeploymentPostprocessing = 0;
		};
		417679932FDF9E0400982B87 /* Sources */ = {
			isa = PBXSourcesBuildPhase;
			buildActionMask = 2147483647;
			files = (
			);
			runOnlyForDeploymentPostprocessing = 0;
		};
		41767A822FFE37AD00982B87 /* Sources */ = {
			isa = PBXSourcesBuildPhase;
			buildActionMask = 2147483647;
			files = (
			);
			runOnlyForDeploymentPostprocessing = 0;
		};
/* End PBXSourcesBuildPhase section */

/* Begin PBXTargetDependency section */
		4176798F2FDF9E0400982B87 /* PBXTargetDependency */ = {
			isa = PBXTargetDependency;
			target = 4176797F2FDF9E0300982B87 /* MyscheduleApp */;
			targetProxy = 4176798E2FDF9E0400982B87 /* PBXContainerItemProxy */;
		};
		417679992FDF9E0400982B87 /* PBXTargetDependency */ = {
			isa = PBXTargetDependency;
			target = 4176797F2FDF9E0300982B87 /* MyscheduleApp */;
			targetProxy = 417679982FDF9E0400982B87 /* PBXContainerItemProxy */;
		};
		41767A992FFE37AE00982B87 /* PBXTargetDependency */ = {
			isa = PBXTargetDependency;
			target = 41767A852FFE37AD00982B87 /* MyscheduleAppWidgetExtension */;
			targetProxy = 41767A982FFE37AE00982B87 /* PBXContainerItemProxy */;
		};
/* End PBXTargetDependency section */

/* Begin XCBuildConfiguration section */
		4176799F2FDF9E0400982B87 /* Debug */ = {
			isa = XCBuildConfiguration;
			buildSettings = {
				ALWAYS_SEARCH_USER_PATHS = NO;
				ASSETCATALOG_COMPILER_GENERATE_SWIFT_ASSET_SYMBOL_EXTENSIONS = YES;
				CLANG_ANALYZER_NONNULL = YES;
				CLANG_ANALYZER_NUMBER_OBJECT_CONVERSION = YES_AGGRESSIVE;
				CLANG_CXX_LANGUAGE_STANDARD = "gnu++20";
				CLANG_ENABLE_MODULES = YES;
				CLANG_ENABLE_OBJC_ARC = YES;
				CLANG_ENABLE_OBJC_WEAK = YES;
				CLANG_WARN_BLOCK_CAPTURE_AUTORELEASING = YES;
				CLANG_WARN_BOOL_CONVERSION = YES;
				CLANG_WARN_COMMA = YES;
				CLANG_WARN_CONSTANT_CONVERSION = YES;
				CLANG_WARN_DEPRECATED_OBJC_IMPLEMENTATIONS = YES;
				CLANG_WARN_DIRECT_OBJC_ISA_USAGE = YES_ERROR;
				CLANG_WARN_DOCUMENTATION_COMMENTS = YES;
				CLANG_WARN_EMPTY_BODY = YES;
				CLANG_WARN_ENUM_CONVERSION = YES;
				CLANG_WARN_INFINITE_RECURSION = YES;
				CLANG_WARN_INT_CONVERSION = YES;
				CLANG_WARN_NON_LITERAL_NULL_CONVERSION = YES;
				CLANG_WARN_OBJC_IMPLICIT_RETAIN_SELF = YES;
				CLANG_WARN_OBJC_LITERAL_CONVERSION = YES;
				CLANG_WARN_OBJC_ROOT_CLASS = YES_ERROR;
				CLANG_WARN_QUOTED_INCLUDE_IN_FRAMEWORK_HEADER = YES;
				CLANG_WARN_RANGE_LOOP_ANALYSIS = YES;
				CLANG_WARN_STRICT_PROTOTYPES = YES;
				CLANG_WARN_SUSPICIOUS_MOVE = YES;
				CLANG_WARN_UNGUARDED_AVAILABILITY = YES_AGGRESSIVE;
				CLANG_WARN_UNREACHABLE_CODE = YES;
				CLANG_WARN__DUPLICATE_METHOD_MATCH = YES;
				COPY_PHASE_STRIP = NO;
				DEBUG_INFORMATION_FORMAT = dwarf;
				DEVELOPMENT_TEAM = BN7V48Q7RW;
				ENABLE_STRICT_OBJC_MSGSEND = YES;
				ENABLE_TESTABILITY = YES;
				ENABLE_USER_SCRIPT_SANDBOXING = YES;
				GCC_C_LANGUAGE_STANDARD = gnu17;
				GCC_DYNAMIC_NO_PIC = NO;
				GCC_NO_COMMON_BLOCKS = YES;
				GCC_OPTIMIZATION_LEVEL = 0;
				GCC_PREPROCESSOR_DEFINITIONS = (
					"DEBUG=1",
					"$(inherited)",
				);
				GCC_WARN_64_TO_32_BIT_CONVERSION = YES;
				GCC_WARN_ABOUT_RETURN_TYPE = YES_ERROR;
				GCC_WARN_UNDECLARED_SELECTOR = YES;
				GCC_WARN_UNINITIALIZED_AUTOS = YES_AGGRESSIVE;
				GCC_WARN_UNUSED_FUNCTION = YES;
				GCC_WARN_UNUSED_VARIABLE = YES;
				IPHONEOS_DEPLOYMENT_TARGET = 18.4;
				LOCALIZATION_PREFERS_STRING_CATALOGS = YES;
				MTL_ENABLE_DEBUG_INFO = INCLUDE_SOURCE;
				MTL_FAST_MATH = YES;
				ONLY_ACTIVE_ARCH = YES;
				SDKROOT = iphoneos;
				SWIFT_ACTIVE_COMPILATION_CONDITIONS = "DEBUG $(inherited)";
				SWIFT_OPTIMIZATION_LEVEL = "-Onone";
			};
			name = Debug;
		};
		417679A02FDF9E0400982B87 /* Release */ = {
			isa = XCBuildConfiguration;
			buildSettings = {
				ALWAYS_SEARCH_USER_PATHS = NO;
				ASSETCATALOG_COMPILER_GENERATE_SWIFT_ASSET_SYMBOL_EXTENSIONS = YES;
				CLANG_ANALYZER_NONNULL = YES;
				CLANG_ANALYZER_NUMBER_OBJECT_CONVERSION = YES_AGGRESSIVE;
				CLANG_CXX_LANGUAGE_STANDARD = "gnu++20";
				CLANG_ENABLE_MODULES = YES;
				CLANG_ENABLE_OBJC_ARC = YES;
				CLANG_ENABLE_OBJC_WEAK = YES;
				CLANG_WARN_BLOCK_CAPTURE_AUTORELEASING = YES;
				CLANG_WARN_BOOL_CONVERSION = YES;
				CLANG_WARN_COMMA = YES;
				CLANG_WARN_CONSTANT_CONVERSION = YES;
				CLANG_WARN_DEPRECATED_OBJC_IMPLEMENTATIONS = YES;
				CLANG_WARN_DIRECT_OBJC_ISA_USAGE = YES_ERROR;
				CLANG_WARN_DOCUMENTATION_COMMENTS = YES;
				CLANG_WARN_EMPTY_BODY = YES;
				CLANG_WARN_ENUM_CONVERSION = YES;
				CLANG_WARN_INFINITE_RECURSION = YES;
				CLANG_WARN_INT_CONVERSION = YES;
				CLANG_WARN_NON_LITERAL_NULL_CONVERSION = YES;
				CLANG_WARN_OBJC_IMPLICIT_RETAIN_SELF = YES;
				CLANG_WARN_OBJC_LITERAL_CONVERSION = YES;
				CLANG_WARN_OBJC_ROOT_CLASS = YES_ERROR;
				CLANG_WARN_QUOTED_INCLUDE_IN_FRAMEWORK_HEADER = YES;
				CLANG_WARN_RANGE_LOOP_ANALYSIS = YES;
				CLANG_WARN_STRICT_PROTOTYPES = YES;
				CLANG_WARN_SUSPICIOUS_MOVE = YES;
				CLANG_WARN_UNGUARDED_AVAILABILITY = YES_AGGRESSIVE;
				CLANG_WARN_UNREACHABLE_CODE = YES;
				CLANG_WARN__DUPLICATE_METHOD_MATCH = YES;
				COPY_PHASE_STRIP = NO;
				DEBUG_INFORMATION_FORMAT = "dwarf-with-dsym";
				DEVELOPMENT_TEAM = BN7V48Q7RW;
				ENABLE_NS_ASSERTIONS = NO;
				ENABLE_STRICT_OBJC_MSGSEND = YES;
				ENABLE_USER_SCRIPT_SANDBOXING = YES;
				GCC_C_LANGUAGE_STANDARD = gnu17;
				GCC_NO_COMMON_BLOCKS = YES;
				GCC_WARN_64_TO_32_BIT_CONVERSION = YES;
				GCC_WARN_ABOUT_RETURN_TYPE = YES_ERROR;
				GCC_WARN_UNDECLARED_SELECTOR = YES;
				GCC_WARN_UNINITIALIZED_AUTOS = YES_AGGRESSIVE;
				GCC_WARN_UNUSED_FUNCTION = YES;
				GCC_WARN_UNUSED_VARIABLE = YES;
				IPHONEOS_DEPLOYMENT_TARGET = 18.4;
				LOCALIZATION_PREFERS_STRING_CATALOGS = YES;
				MTL_ENABLE_DEBUG_INFO = NO;
				MTL_FAST_MATH = YES;
				SDKROOT = iphoneos;
				SWIFT_COMPILATION_MODE = wholemodule;
				VALIDATE_PRODUCT = YES;
			};
			name = Release;
		};
		417679A22FDF9E0400982B87 /* Debug */ = {
			isa = XCBuildConfiguration;
			buildSettings = {
				ASSETCATALOG_COMPILER_APPICON_NAME = AppIcon;
				ASSETCATALOG_COMPILER_GLOBAL_ACCENT_COLOR_NAME = AccentColor;
				CODE_SIGN_ENTITLEMENTS = MyscheduleApp/MyscheduleApp.entitlements;
				CODE_SIGN_STYLE = Automatic;
				CURRENT_PROJECT_VERSION = 1;
				DEVELOPMENT_TEAM = BN7V48Q7RW;
				ENABLE_PREVIEWS = YES;
				GENERATE_INFOPLIST_FILE = YES;
				INFOPLIST_KEY_UIApplicationSceneManifest_Generation = YES;
				INFOPLIST_KEY_UIApplicationSupportsIndirectInputEvents = YES;
				INFOPLIST_KEY_UILaunchScreen_Generation = YES;
				INFOPLIST_KEY_UISupportedInterfaceOrientations_iPad = "UIInterfaceOrientationPortrait UIInterfaceOrientationPortraitUpsideDown UIInterfaceOrientationLandscapeLeft UIInterfaceOrientationLandscapeRight";
				INFOPLIST_KEY_UISupportedInterfaceOrientations_iPhone = "UIInterfaceOrientationPortrait UIInterfaceOrientationLandscapeLeft UIInterfaceOrientationLandscapeRight";
				LD_RUNPATH_SEARCH_PATHS = (
					"$(inherited)",
					"@executable_path/Frameworks",
				);
				MARKETING_VERSION = 1.0;
				PRODUCT_BUNDLE_IDENTIFIER = test.MyscheduleApp;
				PRODUCT_NAME = "$(TARGET_NAME)";
				SWIFT_EMIT_LOC_STRINGS = YES;
				SWIFT_VERSION = 5.0;
				TARGETED_DEVICE_FAMILY = "1,2";
			};
			name = Debug;
		};
		417679A32FDF9E0400982B87 /* Release */ = {
			isa = XCBuildConfiguration;
			buildSettings = {
				ASSETCATALOG_COMPILER_APPICON_NAME = AppIcon;
				ASSETCATALOG_COMPILER_GLOBAL_ACCENT_COLOR_NAME = AccentColor;
				CODE_SIGN_ENTITLEMENTS = MyscheduleApp/MyscheduleApp.entitlements;
				CODE_SIGN_STYLE = Automatic;
				CURRENT_PROJECT_VERSION = 1;
				DEVELOPMENT_TEAM = BN7V48Q7RW;
				ENABLE_PREVIEWS = YES;
				GENERATE_INFOPLIST_FILE = YES;
				INFOPLIST_KEY_UIApplicationSceneManifest_Generation = YES;
				INFOPLIST_KEY_UIApplicationSupportsIndirectInputEvents = YES;
				INFOPLIST_KEY_UILaunchScreen_Generation = YES;
				INFOPLIST_KEY_UISupportedInterfaceOrientations_iPad = "UIInterfaceOrientationPortrait UIInterfaceOrientationPortraitUpsideDown UIInterfaceOrientationLandscapeLeft UIInterfaceOrientationLandscapeRight";
				INFOPLIST_KEY_UISupportedInterfaceOrientations_iPhone = "UIInterfaceOrientationPortrait UIInterfaceOrientationLandscapeLeft UIInterfaceOrientationLandscapeRight";
				LD_RUNPATH_SEARCH_PATHS = (
					"$(inherited)",
					"@executable_path/Frameworks",
				);
				MARKETING_VERSION = 1.0;
				PRODUCT_BUNDLE_IDENTIFIER = test.MyscheduleApp;
				PRODUCT_NAME = "$(TARGET_NAME)";
				SWIFT_EMIT_LOC_STRINGS = YES;
				SWIFT_VERSION = 5.0;
				TARGETED_DEVICE_FAMILY = "1,2";
			};
			name = Release;
		};
		417679A52FDF9E0400982B87 /* Debug */ = {
			isa = XCBuildConfiguration;
			buildSettings = {
				BUNDLE_LOADER = "$(TEST_HOST)";
				CODE_SIGN_STYLE = Automatic;
				CURRENT_PROJECT_VERSION = 1;
				DEVELOPMENT_TEAM = BN7V48Q7RW;
				GENERATE_INFOPLIST_FILE = YES;
				IPHONEOS_DEPLOYMENT_TARGET = 18.4;
				MARKETING_VERSION = 1.0;
				PRODUCT_BUNDLE_IDENTIFIER = test.MyscheduleAppTests;
				PRODUCT_NAME = "$(TARGET_NAME)";
				SWIFT_EMIT_LOC_STRINGS = NO;
				SWIFT_VERSION = 5.0;
				TARGETED_DEVICE_FAMILY = "1,2";
				TEST_HOST = "$(BUILT_PRODUCTS_DIR)/MyscheduleApp.app/$(BUNDLE_EXECUTABLE_FOLDER_PATH)/MyscheduleApp";
			};
			name = Debug;
		};
		417679A62FDF9E0400982B87 /* Release */ = {
			isa = XCBuildConfiguration;
			buildSettings = {
				BUNDLE_LOADER = "$(TEST_HOST)";
				CODE_SIGN_STYLE = Automatic;
				CURRENT_PROJECT_VERSION = 1;
				DEVELOPMENT_TEAM = BN7V48Q7RW;
				GENERATE_INFOPLIST_FILE = YES;
				IPHONEOS_DEPLOYMENT_TARGET = 18.4;
				MARKETING_VERSION = 1.0;
				PRODUCT_BUNDLE_IDENTIFIER = test.MyscheduleAppTests;
				PRODUCT_NAME = "$(TARGET_NAME)";
				SWIFT_EMIT_LOC_STRINGS = NO;
				SWIFT_VERSION = 5.0;
				TARGETED_DEVICE_FAMILY = "1,2";
				TEST_HOST = "$(BUILT_PRODUCTS_DIR)/MyscheduleApp.app/$(BUNDLE_EXECUTABLE_FOLDER_PATH)/MyscheduleApp";
			};
			name = Release;
		};
		417679A82FDF9E0400982B87 /* Debug */ = {
			isa = XCBuildConfiguration;
			buildSettings = {
				CODE_SIGN_STYLE = Automatic;
				CURRENT_PROJECT_VERSION = 1;
				DEVELOPMENT_TEAM = BN7V48Q7RW;
				GENERATE_INFOPLIST_FILE = YES;
				MARKETING_VERSION = 1.0;
				PRODUCT_BUNDLE_IDENTIFIER = test.MyscheduleAppUITests;
				PRODUCT_NAME = "$(TARGET_NAME)";
				SWIFT_EMIT_LOC_STRINGS = NO;
				SWIFT_VERSION = 5.0;
				TARGETED_DEVICE_FAMILY = "1,2";
				TEST_TARGET_NAME = MyscheduleApp;
			};
			name = Debug;
		};
		417679A92FDF9E0400982B87 /* Release */ = {
			isa = XCBuildConfiguration;
			buildSettings = {
				CODE_SIGN_STYLE = Automatic;
				CURRENT_PROJECT_VERSION = 1;
				DEVELOPMENT_TEAM = BN7V48Q7RW;
				GENERATE_INFOPLIST_FILE = YES;
				MARKETING_VERSION = 1.0;
				PRODUCT_BUNDLE_IDENTIFIER = test.MyscheduleAppUITests;
				PRODUCT_NAME = "$(TARGET_NAME)";
				SWIFT_EMIT_LOC_STRINGS = NO;
				SWIFT_VERSION = 5.0;
				TARGETED_DEVICE_FAMILY = "1,2";
				TEST_TARGET_NAME = MyscheduleApp;
			};
			name = Release;
		};
		41767A9D2FFE37AE00982B87 /* Debug */ = {
			isa = XCBuildConfiguration;
			buildSettings = {
				ASSETCATALOG_COMPILER_GLOBAL_ACCENT_COLOR_NAME = AccentColor;
				ASSETCATALOG_COMPILER_WIDGET_BACKGROUND_COLOR_NAME = WidgetBackground;
				CODE_SIGN_STYLE = Automatic;
				CURRENT_PROJECT_VERSION = 1;
				DEVELOPMENT_TEAM = BN7V48Q7RW;
				GENERATE_INFOPLIST_FILE = YES;
				INFOPLIST_FILE = MyscheduleAppWidget/Info.plist;
				INFOPLIST_KEY_CFBundleDisplayName = MyscheduleAppWidget;
				INFOPLIST_KEY_NSHumanReadableCopyright = "";
				LD_RUNPATH_SEARCH_PATHS = (
					"$(inherited)",
					"@executable_path/Frameworks",
					"@executable_path/../../Frameworks",
				);
				MARKETING_VERSION = 1.0;
				PRODUCT_BUNDLE_IDENTIFIER = test.MyscheduleApp.MyscheduleAppWidget;
				PRODUCT_NAME = "$(TARGET_NAME)";
				SKIP_INSTALL = YES;
				SWIFT_EMIT_LOC_STRINGS = YES;
				SWIFT_VERSION = 5.0;
				TARGETED_DEVICE_FAMILY = "1,2";
			};
			name = Debug;
		};
		41767A9E2FFE37AE00982B87 /* Release */ = {
			isa = XCBuildConfiguration;
			buildSettings = {
				ASSETCATALOG_COMPILER_GLOBAL_ACCENT_COLOR_NAME = AccentColor;
				ASSETCATALOG_COMPILER_WIDGET_BACKGROUND_COLOR_NAME = WidgetBackground;
				CODE_SIGN_STYLE = Automatic;
				CURRENT_PROJECT_VERSION = 1;
				DEVELOPMENT_TEAM = BN7V48Q7RW;
				GENERATE_INFOPLIST_FILE = YES;
				INFOPLIST_FILE = MyscheduleAppWidget/Info.plist;
				INFOPLIST_KEY_CFBundleDisplayName = MyscheduleAppWidget;
				INFOPLIST_KEY_NSHumanReadableCopyright = "";
				LD_RUNPATH_SEARCH_PATHS = (
					"$(inherited)",
					"@executable_path/Frameworks",
					"@executable_path/../../Frameworks",
				);
				MARKETING_VERSION = 1.0;
				PRODUCT_BUNDLE_IDENTIFIER = test.MyscheduleApp.MyscheduleAppWidget;
				PRODUCT_NAME = "$(TARGET_NAME)";
				SKIP_INSTALL = YES;
				SWIFT_EMIT_LOC_STRINGS = YES;
				SWIFT_VERSION = 5.0;
				TARGETED_DEVICE_FAMILY = "1,2";
			};
			name = Release;
		};
/* End XCBuildConfiguration section */

/* Begin XCConfigurationList section */
		4176797B2FDF9E0300982B87 /* Build configuration list for PBXProject "MyscheduleApp" */ = {
			isa = XCConfigurationList;
			buildConfigurations = (
				4176799F2FDF9E0400982B87 /* Debug */,
				417679A02FDF9E0400982B87 /* Release */,
			);
			defaultConfigurationIsVisible = 0;
			defaultConfigurationName = Release;
		};
		417679A12FDF9E0400982B87 /* Build configuration list for PBXNativeTarget "MyscheduleApp" */ = {
			isa = XCConfigurationList;
			buildConfigurations = (
				417679A22FDF9E0400982B87 /* Debug */,
				417679A32FDF9E0400982B87 /* Release */,
			);
			defaultConfigurationIsVisible = 0;
			defaultConfigurationName = Release;
		};
		417679A42FDF9E0400982B87 /* Build configuration list for PBXNativeTarget "MyscheduleAppTests" */ = {
			isa = XCConfigurationList;
			buildConfigurations = (
				417679A52FDF9E0400982B87 /* Debug */,
				417679A62FDF9E0400982B87 /* Release */,
			);
			defaultConfigurationIsVisible = 0;
			defaultConfigurationName = Release;
		};
		417679A72FDF9E0400982B87 /* Build configuration list for PBXNativeTarget "MyscheduleAppUITests" */ = {
			isa = XCConfigurationList;
			buildConfigurations = (
				417679A82FDF9E0400982B87 /* Debug */,
				417679A92FDF9E0400982B87 /* Release */,
			);
			defaultConfigurationIsVisible = 0;
			defaultConfigurationName = Release;
		};
		41767A9C2FFE37AE00982B87 /* Build configuration list for PBXNativeTarget "MyscheduleAppWidgetExtension" */ = {
			isa = XCConfigurationList;
			buildConfigurations = (
				41767A9D2FFE37AE00982B87 /* Debug */,
				41767A9E2FFE37AE00982B87 /* Release */,
			);
			defaultConfigurationIsVisible = 0;
			defaultConfigurationName = Release;
		};
/* End XCConfigurationList section */
	};
	rootObject = 417679782FDF9E0300982B87 /* Project object */;
}
